
Microsoft Visual Studio Solution File, Format Version 12.00
# Visual Studio Version 17
VisualStudioVersion = 17.4.33205.214
MinimumVisualStudioVersion = 10.0.40219.1
Project("{FAE04EC0-301F-11D3-BF4B-00C04F79EFBC}") = "pr4Varlamov", "pr4Varlamov\pr4Varlamov.csproj", "{5B03963F-9856-49FF-9CA4-39B7F9528206}"
EndProject
Global
	GlobalSection(SolutionConfigurationPlatforms) = preSolution
		Debug|Any CPU = Debug|Any CPU
		Release|Any CPU = Release|Any CPU
	EndGlobalSection
	GlobalSection(ProjectConfigurationPlatforms) = postSolution
		{5B03963F-9856-49FF-9CA4-39B7F9528206}.Debug|Any CPU.ActiveCfg = Debug|Any CPU
		{5B03963F-9856-49FF-9CA4-39B7F9528206}.Debug|Any CPU.Build.0 = Debug|Any CPU
		{5B03963F-9856-49FF-9CA4-39B7F9528206}.Release|Any CPU.ActiveCfg = Release|Any CPU
		{5B03963F-9856-49FF-9CA4-39B7F9528206}.Release|Any CPU.Build.0 = Release|Any CPU
	EndGlobalSection
	GlobalSection(SolutionProperties) = preSolution
		HideSolutionNode = FALSE
	EndGlobalSection
	GlobalSection(ExtensibilityGlobals) = postSolution
		SolutionGuid = {A68B3404-24EF-4AD4-9BEB-302CCF0CEF35}
	EndGlobalSection
EndGlobal
